
Microsoft Visual Studio Solution File, Format Version 12.00
# Visual Studio Version 17
VisualStudioVersion = 17.0.31903.59
MinimumVisualStudioVersion = 10.0.40219.1
Project("{FAE04EC0-301F-11D3-BF4B-00C04F79EFBC}") = "Kółko_i_krzyżyk", "Kółko_i_krzyżyk.csproj", "{F07AA9B4-3224-4895-96B6-61D6B204945D}"
EndProject
Global
	GlobalSection(SolutionConfigurationPlatforms) = preSolution
		Debug|Any CPU = Debug|Any CPU
		Release|Any CPU = Release|Any CPU
	EndGlobalSection
	GlobalSection(ProjectConfigurationPlatforms) = postSolution
		{F07AA9B4-3224-4895-96B6-61D6B204945D}.Debug|Any CPU.ActiveCfg = Debug|Any CPU
		{F07AA9B4-3224-4895-96B6-61D6B204945D}.Debug|Any CPU.Build.0 = Debug|Any CPU
		{F07AA9B4-3224-4895-96B6-61D6B204945D}.Release|Any CPU.ActiveCfg = Release|Any CPU
		{F07AA9B4-3224-4895-96B6-61D6B204945D}.Release|Any CPU.Build.0 = Release|Any CPU
	EndGlobalSection
	GlobalSection(SolutionProperties) = preSolution
		HideSolutionNode = FALSE
	EndGlobalSection
	GlobalSection(ExtensibilityGlobals) = postSolution
		SolutionGuid = {C6537835-B2BE-42C9-B892-FA5A8298695C}
	EndGlobalSection
EndGlobal
